// !$*UTF8*$!
{
	archiveVersion = 1;
	classes = {
	};
	objectVersion = 46;
	objects = {

/* Begin PBXBuildFile section */
		0A0514901B7682F0000C6DE2 /* Websocket.swift in Sources */ = {isa = PBXBuildFile; fileRef = 0A05148F1B7682F0000C6DE2 /* Websocket.swift */; };
		0A1B0A001B76BCFC00381CC7 /* SwiftyJSON.swift in Sources */ = {isa = PBXBuildFile; fileRef = 0A1B09FF1B76BCFC00381CC7 /* SwiftyJSON.swift */; };
		0A1B0A021B76BE1000381CC7 /* Security.swift in Sources */ = {isa = PBXBuildFile; fileRef = 0A1B0A011B76BE1000381CC7 /* Security.swift */; };
		0A3594041B7136B80072CC18 /* AppDelegate.swift in Sources */ = {isa = PBXBuildFile; fileRef = 0A3594031B7136B80072CC18 /* AppDelegate.swift */; };
		0A3594061B7136B80072CC18 /* Shader.fsh in Resources */ = {isa = PBXBuildFile; fileRef = 0A3594051B7136B80072CC18 /* Shader.fsh */; };
		0A3594081B7136B80072CC18 /* Shader.vsh in Resources */ = {isa = PBXBuildFile; fileRef = 0A3594071B7136B80072CC18 /* Shader.vsh */; };
		0A35940A1B7136B80072CC18 /* GameViewController.swift in Sources */ = {isa = PBXBuildFile; fileRef = 0A3594091B7136B80072CC18 /* GameViewController.swift */; };
		0A35940D1B7136B80072CC18 /* Main.storyboard in Resources */ = {isa = PBXBuildFile; fileRef = 0A35940B1B7136B80072CC18 /* Main.storyboard */; };
		0A35940F1B7136B80072CC18 /* Assets.xcassets in Resources */ = {isa = PBXBuildFile; fileRef = 0A35940E1B7136B80072CC18 /* Assets.xcassets */; };
		0A3594121B7136B80072CC18 /* LaunchScreen.storyboard in Resources */ = {isa = PBXBuildFile; fileRef = 0A3594101B7136B80072CC18 /* LaunchScreen.storyboard */; };
		0A3640831B81F53F00F4AA0E /* TextRenderer.swift in Sources */ = {isa = PBXBuildFile; fileRef = 0A3640821B81F53F00F4AA0E /* TextRenderer.swift */; };
		0A36D9031B8E80ED00E85213 /* Textures.swift in Sources */ = {isa = PBXBuildFile; fileRef = 0A36D9021B8E80ED00E85213 /* Textures.swift */; settings = {ASSET_TAGS = (); }; };
		0A41BE0A1B7F714B0009080F /* ConfigNode.swift in Sources */ = {isa = PBXBuildFile; fileRef = 0A41BE091B7F714B0009080F /* ConfigNode.swift */; };
		0A41BE0C1B7FAFA30009080F /* NavUtilities.swift in Sources */ = {isa = PBXBuildFile; fileRef = 0A41BE0B1B7FAFA30009080F /* NavUtilities.swift */; };
		0A602F481B8E5A91000AD177 /* test_texture.png in Resources */ = {isa = PBXBuildFile; fileRef = 0A602F471B8E5A91000AD177 /* test_texture.png */; settings = {ASSET_TAGS = (); }; };
		0A67244C1B8CE5B800A38BE5 /* inner.wav in Resources */ = {isa = PBXBuildFile; fileRef = 0A6724491B8CE5B800A38BE5 /* inner.wav */; settings = {ASSET_TAGS = (); }; };
		0A67244D1B8CE5B800A38BE5 /* middle.wav in Resources */ = {isa = PBXBuildFile; fileRef = 0A67244A1B8CE5B800A38BE5 /* middle.wav */; settings = {ASSET_TAGS = (); }; };
		0A67244E1B8CE5B800A38BE5 /* outer.wav in Resources */ = {isa = PBXBuildFile; fileRef = 0A67244B1B8CE5B800A38BE5 /* outer.wav */; settings = {ASSET_TAGS = (); }; };
		0A6724501B8D055900A38BE5 /* TelemachusInterface.swift in Sources */ = {isa = PBXBuildFile; fileRef = 0A67244F1B8D055900A38BE5 /* TelemachusInterface.swift */; settings = {ASSET_TAGS = (); }; };
		0A6724521B8DE7EB00A38BE5 /* InstrumentPanel.swift in Sources */ = {isa = PBXBuildFile; fileRef = 0A6724511B8DE7EB00A38BE5 /* InstrumentPanel.swift */; settings = {ASSET_TAGS = (); }; };
		0A6724541B8DEDCA00A38BE5 /* Timers.swift in Sources */ = {isa = PBXBuildFile; fileRef = 0A6724531B8DEDCA00A38BE5 /* Timers.swift */; settings = {ASSET_TAGS = (); }; };
		0A77F7201B7CBFF9002A760F /* Instrument.swift in Sources */ = {isa = PBXBuildFile; fileRef = 0A77F71F1B7CBFF9002A760F /* Instrument.swift */; };
		0A77F7221B7CC0F9002A760F /* JSIHeadsUpDisplay.swift in Sources */ = {isa = PBXBuildFile; fileRef = 0A77F7211B7CC0F9002A760F /* JSIHeadsUpDisplay.swift */; };
		0A77F7241B7CCC40002A760F /* DrawingTools.swift in Sources */ = {isa = PBXBuildFile; fileRef = 0A77F7231B7CCC40002A760F /* DrawingTools.swift */; };
		0A77F7261B7D6282002A760F /* ShaderProgram.swift in Sources */ = {isa = PBXBuildFile; fileRef = 0A77F7251B7D6282002A760F /* ShaderProgram.swift */; };
		0A7C02D61B907B6C00790764 /* RPMInstrument.swift in Sources */ = {isa = PBXBuildFile; fileRef = 0A6C7B6B1B90778D00854F2E /* RPMInstrument.swift */; settings = {ASSET_TAGS = (); }; };
		0A7C02D91B909AF500790764 /* Bounds.swift in Sources */ = {isa = PBXBuildFile; fileRef = 0A7C02D81B909AF500790764 /* Bounds.swift */; settings = {ASSET_TAGS = (); }; };
		0A7C02DB1B909B0700790764 /* Size2D.swift in Sources */ = {isa = PBXBuildFile; fileRef = 0A7C02DA1B909B0700790764 /* Size2D.swift */; settings = {ASSET_TAGS = (); }; };
		0AF05C3C1B8E78F100908F37 /* Framebuffers.swift in Sources */ = {isa = PBXBuildFile; fileRef = 0AF05C3B1B8E78F100908F37 /* Framebuffers.swift */; settings = {ASSET_TAGS = (); }; };
/* End PBXBuildFile section */

/* Begin PBXFileReference section */
		0A05148F1B7682F0000C6DE2 /* Websocket.swift */ = {isa = PBXFileReference; fileEncoding = 4; lastKnownFileType = sourcecode.swift; path = Websocket.swift; sourceTree = "<group>"; };
		0A1B09FF1B76BCFC00381CC7 /* SwiftyJSON.swift */ = {isa = PBXFileReference; fileEncoding = 4; lastKnownFileType = sourcecode.swift; path = SwiftyJSON.swift; sourceTree = "<group>"; };
		0A1B0A011B76BE1000381CC7 /* Security.swift */ = {isa = PBXFileReference; fileEncoding = 4; lastKnownFileType = sourcecode.swift; path = Security.swift; sourceTree = "<group>"; };
		0A3594001B7136B80072CC18 /* KerbalHUD.app */ = {isa = PBXFileReference; explicitFileType = wrapper.application; includeInIndex = 0; path = KerbalHUD.app; sourceTree = BUILT_PRODUCTS_DIR; };
		0A3594031B7136B80072CC18 /* AppDelegate.swift */ = {isa = PBXFileReference; lastKnownFileType = sourcecode.swift; path = AppDelegate.swift; sourceTree = "<group>"; };
		0A3594051B7136B80072CC18 /* Shader.fsh */ = {isa = PBXFileReference; lastKnownFileType = sourcecode.glsl; name = Shader.fsh; path = Shaders/Shader.fsh; sourceTree = "<group>"; };
		0A3594071B7136B80072CC18 /* Shader.vsh */ = {isa = PBXFileReference; lastKnownFileType = sourcecode.glsl; name = Shader.vsh; path = Shaders/Shader.vsh; sourceTree = "<group>"; };
		0A3594091B7136B80072CC18 /* GameViewController.swift */ = {isa = PBXFileReference; lastKnownFileType = sourcecode.swift; path = GameViewController.swift; sourceTree = "<group>"; };
		0A35940C1B7136B80072CC18 /* Base */ = {isa = PBXFileReference; lastKnownFileType = file.storyboard; name = Base; path = Base.lproj/Main.storyboard; sourceTree = "<group>"; };
		0A35940E1B7136B80072CC18 /* Assets.xcassets */ = {isa = PBXFileReference; lastKnownFileType = folder.assetcatalog; path = Assets.xcassets; sourceTree = "<group>"; };
		0A3594111B7136B80072CC18 /* Base */ = {isa = PBXFileReference; lastKnownFileType = file.storyboard; name = Base; path = Base.lproj/LaunchScreen.storyboard; sourceTree = "<group>"; };
		0A3594131B7136B80072CC18 /* Info.plist */ = {isa = PBXFileReference; lastKnownFileType = text.plist.xml; path = Info.plist; sourceTree = "<group>"; };
		0A3640821B81F53F00F4AA0E /* TextRenderer.swift */ = {isa = PBXFileReference; fileEncoding = 4; lastKnownFileType = sourcecode.swift; path = TextRenderer.swift; sourceTree = "<group>"; };
		0A36D9021B8E80ED00E85213 /* Textures.swift */ = {isa = PBXFileReference; fileEncoding = 4; lastKnownFileType = sourcecode.swift; path = Textures.swift; sourceTree = "<group>"; };
		0A41BE091B7F714B0009080F /* ConfigNode.swift */ = {isa = PBXFileReference; fileEncoding = 4; lastKnownFileType = sourcecode.swift; path = ConfigNode.swift; sourceTree = "<group>"; };
		0A41BE0B1B7FAFA30009080F /* NavUtilities.swift */ = {isa = PBXFileReference; fileEncoding = 4; lastKnownFileType = sourcecode.swift; path = NavUtilities.swift; sourceTree = "<group>"; };
		0A602F471B8E5A91000AD177 /* test_texture.png */ = {isa = PBXFileReference; lastKnownFileType = image.png; path = test_texture.png; sourceTree = "<group>"; };
		0A6724491B8CE5B800A38BE5 /* inner.wav */ = {isa = PBXFileReference; lastKnownFileType = audio.wav; path = inner.wav; sourceTree = "<group>"; };
		0A67244A1B8CE5B800A38BE5 /* middle.wav */ = {isa = PBXFileReference; lastKnownFileType = audio.wav; path = middle.wav; sourceTree = "<group>"; };
		0A67244B1B8CE5B800A38BE5 /* outer.wav */ = {isa = PBXFileReference; lastKnownFileType = audio.wav; path = outer.wav; sourceTree = "<group>"; };
		0A67244F1B8D055900A38BE5 /* TelemachusInterface.swift */ = {isa = PBXFileReference; fileEncoding = 4; lastKnownFileType = sourcecode.swift; path = TelemachusInterface.swift; sourceTree = "<group>"; };
		0A6724511B8DE7EB00A38BE5 /* InstrumentPanel.swift */ = {isa = PBXFileReference; fileEncoding = 4; lastKnownFileType = sourcecode.swift; path = InstrumentPanel.swift; sourceTree = "<group>"; };
		0A6724531B8DEDCA00A38BE5 /* Timers.swift */ = {isa = PBXFileReference; fileEncoding = 4; lastKnownFileType = sourcecode.swift; path = Timers.swift; sourceTree = "<group>"; };
		0A6C7B6B1B90778D00854F2E /* RPMInstrument.swift */ = {isa = PBXFileReference; fileEncoding = 4; lastKnownFileType = sourcecode.swift; path = RPMInstrument.swift; sourceTree = "<group>"; };
		0A77F71F1B7CBFF9002A760F /* Instrument.swift */ = {isa = PBXFileReference; fileEncoding = 4; lastKnownFileType = sourcecode.swift; path = Instrument.swift; sourceTree = "<group>"; };
		0A77F7211B7CC0F9002A760F /* JSIHeadsUpDisplay.swift */ = {isa = PBXFileReference; fileEncoding = 4; lastKnownFileType = sourcecode.swift; path = JSIHeadsUpDisplay.swift; sourceTree = "<group>"; };
		0A77F7231B7CCC40002A760F /* DrawingTools.swift */ = {isa = PBXFileReference; fileEncoding = 4; lastKnownFileType = sourcecode.swift; path = DrawingTools.swift; sourceTree = "<group>"; };
		0A77F7251B7D6282002A760F /* ShaderProgram.swift */ = {isa = PBXFileReference; fileEncoding = 4; lastKnownFileType = sourcecode.swift; path = ShaderProgram.swift; sourceTree = "<group>"; };
		0A7C02D81B909AF500790764 /* Bounds.swift */ = {isa = PBXFileReference; fileEncoding = 4; lastKnownFileType = sourcecode.swift; path = Bounds.swift; sourceTree = "<group>"; };
		0A7C02DA1B909B0700790764 /* Size2D.swift */ = {isa = PBXFileReference; fileEncoding = 4; lastKnownFileType = sourcecode.swift; path = Size2D.swift; sourceTree = "<group>"; };
		0AF05C3B1B8E78F100908F37 /* Framebuffers.swift */ = {isa = PBXFileReference; fileEncoding = 4; lastKnownFileType = sourcecode.swift; path = Framebuffers.swift; sourceTree = "<group>"; };
/* End PBXFileReference section */

/* Begin PBXFrameworksBuildPhase section */
		0A3593FD1B7136B80072CC18 /* Frameworks */ = {
			isa = PBXFrameworksBuildPhase;
			buildActionMask = 2147483647;
			files = (
			);
			runOnlyForDeploymentPostprocessing = 0;
		};
/* End PBXFrameworksBuildPhase section */

/* Begin PBXGroup section */
		0A3593F71B7136B80072CC18 = {
			isa = PBXGroup;
			children = (
				0A3594021B7136B80072CC18 /* KerbalHUD */,
				0A3594011B7136B80072CC18 /* Products */,
			);
			sourceTree = "<group>";
		};
		0A3594011B7136B80072CC18 /* Products */ = {
			isa = PBXGroup;
			children = (
				0A3594001B7136B80072CC18 /* KerbalHUD.app */,
			);
			name = Products;
			sourceTree = "<group>";
		};
		0A3594021B7136B80072CC18 /* KerbalHUD */ = {
			isa = PBXGroup;
			children = (
				0AF05C381B8E76C500908F37 /* Drawing */,
				0A602F471B8E5A91000AD177 /* test_texture.png */,
				0A6724561B8DFFAB00A38BE5 /* Utils */,
				0A6724551B8DFF8500A38BE5 /* Instruments */,
				0A6724481B8CE5AD00A38BE5 /* Audio */,
				0A3594031B7136B80072CC18 /* AppDelegate.swift */,
				0A3594051B7136B80072CC18 /* Shader.fsh */,
				0A3594071B7136B80072CC18 /* Shader.vsh */,
				0A3594091B7136B80072CC18 /* GameViewController.swift */,
				0A35940B1B7136B80072CC18 /* Main.storyboard */,
				0A35940E1B7136B80072CC18 /* Assets.xcassets */,
				0A3594101B7136B80072CC18 /* LaunchScreen.storyboard */,
				0A3594131B7136B80072CC18 /* Info.plist */,
				0A05148F1B7682F0000C6DE2 /* Websocket.swift */,
				0A1B09FF1B76BCFC00381CC7 /* SwiftyJSON.swift */,
				0A1B0A011B76BE1000381CC7 /* Security.swift */,
				0A41BE091B7F714B0009080F /* ConfigNode.swift */,
			);
			path = KerbalHUD;
			sourceTree = "<group>";
		};
		0A6724481B8CE5AD00A38BE5 /* Audio */ = {
			isa = PBXGroup;
			children = (
				0A6724491B8CE5B800A38BE5 /* inner.wav */,
				0A67244A1B8CE5B800A38BE5 /* middle.wav */,
				0A67244B1B8CE5B800A38BE5 /* outer.wav */,
			);
			name = Audio;
			sourceTree = "<group>";
		};
		0A6724551B8DFF8500A38BE5 /* Instruments */ = {
			isa = PBXGroup;
			children = (
				0A77F71F1B7CBFF9002A760F /* Instrument.swift */,
				0A6724511B8DE7EB00A38BE5 /* InstrumentPanel.swift */,
				0A6C7B6B1B90778D00854F2E /* RPMInstrument.swift */,
				0A77F7211B7CC0F9002A760F /* JSIHeadsUpDisplay.swift */,
				0A41BE0B1B7FAFA30009080F /* NavUtilities.swift */,
			);
			name = Instruments;
			sourceTree = "<group>";
		};
		0A6724561B8DFFAB00A38BE5 /* Utils */ = {
			isa = PBXGroup;
			children = (
				0A6724531B8DEDCA00A38BE5 /* Timers.swift */,
				0A3640821B81F53F00F4AA0E /* TextRenderer.swift */,
				0A77F7251B7D6282002A760F /* ShaderProgram.swift */,
				0A67244F1B8D055900A38BE5 /* TelemachusInterface.swift */,
			);
			name = Utils;
			sourceTree = "<group>";
		};
		0A7C02D71B909AE500790764 /* SimpleStructures */ = {
			isa = PBXGroup;
			children = (
				0A7C02D81B909AF500790764 /* Bounds.swift */,
				0A7C02DA1B909B0700790764 /* Size2D.swift */,
			);
			name = SimpleStructures;
			sourceTree = "<group>";
		};
		0AF05C381B8E76C500908F37 /* Drawing */ = {
			isa = PBXGroup;
			children = (
				0A7C02D71B909AE500790764 /* SimpleStructures */,
				0A77F7231B7CCC40002A760F /* DrawingTools.swift */,
				0AF05C3B1B8E78F100908F37 /* Framebuffers.swift */,
				0A36D9021B8E80ED00E85213 /* Textures.swift */,
			);
			name = Drawing;
			sourceTree = "<group>";
		};
/* End PBXGroup section */

/* Begin PBXNativeTarget section */
		0A3593FF1B7136B80072CC18 /* KerbalHUD */ = {
			isa = PBXNativeTarget;
			buildConfigurationList = 0A3594211B7136B90072CC18 /* Build configuration list for PBXNativeTarget "KerbalHUD" */;
			buildPhases = (
				0A3593FC1B7136B80072CC18 /* Sources */,
				0A3593FD1B7136B80072CC18 /* Frameworks */,
				0A3593FE1B7136B80072CC18 /* Resources */,
			);
			buildRules = (
			);
			dependencies = (
			);
			name = KerbalHUD;
			productName = KerbalHUD;
			productReference = 0A3594001B7136B80072CC18 /* KerbalHUD.app */;
			productType = "com.apple.product-type.application";
		};
/* End PBXNativeTarget section */

/* Begin PBXProject section */
		0A3593F81B7136B80072CC18 /* Project object */ = {
			isa = PBXProject;
			attributes = {
				LastSwiftMigration = 0700;
				LastUpgradeCheck = 0700;
				ORGANIZATIONNAME = "Nicholas Devenish";
				TargetAttributes = {
					0A3593FF1B7136B80072CC18 = {
						CreatedOnToolsVersion = 7.0;
						DevelopmentTeam = M9XTZP285U;
					};
				};
			};
			buildConfigurationList = 0A3593FB1B7136B80072CC18 /* Build configuration list for PBXProject "KerbalHUD" */;
			compatibilityVersion = "Xcode 3.2";
			developmentRegion = English;
			hasScannedForEncodings = 0;
			knownRegions = (
				en,
				Base,
			);
			mainGroup = 0A3593F71B7136B80072CC18;
			productRefGroup = 0A3594011B7136B80072CC18 /* Products */;
			projectDirPath = "";
			projectRoot = "";
			targets = (
				0A3593FF1B7136B80072CC18 /* KerbalHUD */,
			);
		};
/* End PBXProject section */

/* Begin PBXResourcesBuildPhase section */
		0A3593FE1B7136B80072CC18 /* Resources */ = {
			isa = PBXResourcesBuildPhase;
			buildActionMask = 2147483647;
			files = (
				0A35940D1B7136B80072CC18 /* Main.storyboard in Resources */,
				0A3594081B7136B80072CC18 /* Shader.vsh in Resources */,
				0A602F481B8E5A91000AD177 /* test_texture.png in Resources */,
				0A67244C1B8CE5B800A38BE5 /* inner.wav in Resources */,
				0A35940F1B7136B80072CC18 /* Assets.xcassets in Resources */,
				0A3594121B7136B80072CC18 /* LaunchScreen.storyboard in Resources */,
				0A67244D1B8CE5B800A38BE5 /* middle.wav in Resources */,
				0A3594061B7136B80072CC18 /* Shader.fsh in Resources */,
				0A67244E1B8CE5B800A38BE5 /* outer.wav in Resources */,
			);
			runOnlyForDeploymentPostprocessing = 0;
		};
/* End PBXResourcesBuildPhase section */

/* Begin PBXSourcesBuildPhase section */
		0A3593FC1B7136B80072CC18 /* Sources */ = {
			isa = PBXSourcesBuildPhase;
			buildActionMask = 2147483647;
			files = (
				0A7C02DB1B909B0700790764 /* Size2D.swift in Sources */,
				0A35940A1B7136B80072CC18 /* GameViewController.swift in Sources */,
				0A0514901B7682F0000C6DE2 /* Websocket.swift in Sources */,
				0A3594041B7136B80072CC18 /* AppDelegate.swift in Sources */,
				0A1B0A021B76BE1000381CC7 /* Security.swift in Sources */,
				0A6724541B8DEDCA00A38BE5 /* Timers.swift in Sources */,
				0A7C02D91B909AF500790764 /* Bounds.swift in Sources */,
				0AF05C3C1B8E78F100908F37 /* Framebuffers.swift in Sources */,
				0A77F7201B7CBFF9002A760F /* Instrument.swift in Sources */,
				0A6724521B8DE7EB00A38BE5 /* InstrumentPanel.swift in Sources */,
				0A3640831B81F53F00F4AA0E /* TextRenderer.swift in Sources */,
				0A77F7261B7D6282002A760F /* ShaderProgram.swift in Sources */,
				0A77F7221B7CC0F9002A760F /* JSIHeadsUpDisplay.swift in Sources */,
				0A6724501B8D055900A38BE5 /* TelemachusInterface.swift in Sources */,
				0A7C02D61B907B6C00790764 /* RPMInstrument.swift in Sources */,
				0A41BE0A1B7F714B0009080F /* ConfigNode.swift in Sources */,
				0A1B0A001B76BCFC00381CC7 /* SwiftyJSON.swift in Sources */,
				0A41BE0C1B7FAFA30009080F /* NavUtilities.swift in Sources */,
				0A36D9031B8E80ED00E85213 /* Textures.swift in Sources */,
				0A77F7241B7CCC40002A760F /* DrawingTools.swift in Sources */,
			);
			runOnlyForDeploymentPostprocessing = 0;
		};
/* End PBXSourcesBuildPhase section */

/* Begin PBXVariantGroup section */
		0A35940B1B7136B80072CC18 /* Main.storyboard */ = {
			isa = PBXVariantGroup;
			children = (
				0A35940C1B7136B80072CC18 /* Base */,
			);
			name = Main.storyboard;
			sourceTree = "<group>";
		};
		0A3594101B7136B80072CC18 /* LaunchScreen.storyboard */ = {
			isa = PBXVariantGroup;
			children = (
				0A3594111B7136B80072CC18 /* Base */,
			);
			name = LaunchScreen.storyboard;
			sourceTree = "<group>";
		};
/* End PBXVariantGroup section */

/* Begin XCBuildConfiguration section */
		0A35941F1B7136B90072CC18 /* Debug */ = {
			isa = XCBuildConfiguration;
			buildSettings = {
				ALWAYS_SEARCH_USER_PATHS = NO;
				CLANG_CXX_LANGUAGE_STANDARD = "gnu++0x";
				CLANG_CXX_LIBRARY = "libc++";
				CLANG_ENABLE_MODULES = YES;
				CLANG_ENABLE_OBJC_ARC = YES;
				CLANG_WARN_BOOL_CONVERSION = YES;
				CLANG_WARN_CONSTANT_CONVERSION = YES;
				CLANG_WARN_DIRECT_OBJC_ISA_USAGE = YES_ERROR;
				CLANG_WARN_EMPTY_BODY = YES;
				CLANG_WARN_ENUM_CONVERSION = YES;
				CLANG_WARN_INT_CONVERSION = YES;
				CLANG_WARN_OBJC_ROOT_CLASS = YES_ERROR;
				CLANG_WARN_UNREACHABLE_CODE = YES;
				CLANG_WARN__DUPLICATE_METHOD_MATCH = YES;
				"CODE_SIGN_IDENTITY[sdk=iphoneos*]" = "iPhone Developer";
				COPY_PHASE_STRIP = NO;
				DEBUG_INFORMATION_FORMAT = dwarf;
				ENABLE_STRICT_OBJC_MSGSEND = YES;
				ENABLE_TESTABILITY = YES;
				GCC_C_LANGUAGE_STANDARD = gnu99;
				GCC_DYNAMIC_NO_PIC = NO;
				GCC_NO_COMMON_BLOCKS = YES;
				GCC_OPTIMIZATION_LEVEL = 0;
				GCC_PREPROCESSOR_DEFINITIONS = (
					"DEBUG=1",
					"$(inherited)",
				);
				GCC_WARN_64_TO_32_BIT_CONVERSION = YES;
				GCC_WARN_ABOUT_RETURN_TYPE = YES_ERROR;
				GCC_WARN_UNDECLARED_SELECTOR = YES;
				GCC_WARN_UNINITIALIZED_AUTOS = YES_AGGRESSIVE;
				GCC_WARN_UNUSED_FUNCTION = YES;
				GCC_WARN_UNUSED_VARIABLE = YES;
				IPHONEOS_DEPLOYMENT_TARGET = 9.0;
				MTL_ENABLE_DEBUG_INFO = YES;
				ONLY_ACTIVE_ARCH = YES;
				SDKROOT = iphoneos;
				SWIFT_OPTIMIZATION_LEVEL = "-Onone";
				TARGETED_DEVICE_FAMILY = "1,2";
			};
			name = Debug;
		};
		0A3594201B7136B90072CC18 /* Release */ = {
			isa = XCBuildConfiguration;
			buildSettings = {
				ALWAYS_SEARCH_USER_PATHS = NO;
				CLANG_CXX_LANGUAGE_STANDARD = "gnu++0x";
				CLANG_CXX_LIBRARY = "libc++";
				CLANG_ENABLE_MODULES = YES;
				CLANG_ENABLE_OBJC_ARC = YES;
				CLANG_WARN_BOOL_CONVERSION = YES;
				CLANG_WARN_CONSTANT_CONVERSION = YES;
				CLANG_WARN_DIRECT_OBJC_ISA_USAGE = YES_ERROR;
				CLANG_WARN_EMPTY_BODY = YES;
				CLANG_WARN_ENUM_CONVERSION = YES;
				CLANG_WARN_INT_CONVERSION = YES;
				CLANG_WARN_OBJC_ROOT_CLASS = YES_ERROR;
				CLANG_WARN_UNREACHABLE_CODE = YES;
				CLANG_WARN__DUPLICATE_METHOD_MATCH = YES;
				"CODE_SIGN_IDENTITY[sdk=iphoneos*]" = "iPhone Developer";
				COPY_PHASE_STRIP = NO;
				DEBUG_INFORMATION_FORMAT = "dwarf-with-dsym";
				ENABLE_NS_ASSERTIONS = NO;
				ENABLE_STRICT_OBJC_MSGSEND = YES;
				GCC_C_LANGUAGE_STANDARD = gnu99;
				GCC_NO_COMMON_BLOCKS = YES;
				GCC_WARN_64_TO_32_BIT_CONVERSION = YES;
				GCC_WARN_ABOUT_RETURN_TYPE = YES_ERROR;
				GCC_WARN_UNDECLARED_SELECTOR = YES;
				GCC_WARN_UNINITIALIZED_AUTOS = YES_AGGRESSIVE;
				GCC_WARN_UNUSED_FUNCTION = YES;
				GCC_WARN_UNUSED_VARIABLE = YES;
				IPHONEOS_DEPLOYMENT_TARGET = 9.0;
				MTL_ENABLE_DEBUG_INFO = NO;
				SDKROOT = iphoneos;
				TARGETED_DEVICE_FAMILY = "1,2";
				VALIDATE_PRODUCT = YES;
			};
			name = Release;
		};
		0A3594221B7136B90072CC18 /* Debug */ = {
			isa = XCBuildConfiguration;
			buildSettings = {
				ASSETCATALOG_COMPILER_APPICON_NAME = AppIcon;
				CODE_SIGN_IDENTITY = "iPhone Developer";
				"CODE_SIGN_IDENTITY[sdk=iphoneos*]" = "iPhone Developer";
				INFOPLIST_FILE = KerbalHUD/Info.plist;
				IPHONEOS_DEPLOYMENT_TARGET = 8.3;
				LD_RUNPATH_SEARCH_PATHS = "$(inherited) @executable_path/Frameworks";
				PRODUCT_BUNDLE_IDENTIFIER = com.ndevenish.KerbalHUD;
				PRODUCT_NAME = KerbalHUD;
				PROVISIONING_PROFILE = "";
			};
			name = Debug;
		};
		0A3594231B7136B90072CC18 /* Release */ = {
			isa = XCBuildConfiguration;
			buildSettings = {
				ASSETCATALOG_COMPILER_APPICON_NAME = AppIcon;
				CODE_SIGN_IDENTITY = "iPhone Developer";
				"CODE_SIGN_IDENTITY[sdk=iphoneos*]" = "iPhone Developer";
				INFOPLIST_FILE = KerbalHUD/Info.plist;
				IPHONEOS_DEPLOYMENT_TARGET = 8.3;
				LD_RUNPATH_SEARCH_PATHS = "$(inherited) @executable_path/Frameworks";
				PRODUCT_BUNDLE_IDENTIFIER = com.ndevenish.KerbalHUD;
				PRODUCT_NAME = KerbalHUD;
				PROVISIONING_PROFILE = "";
			};
			name = Release;
		};
/* End XCBuildConfiguration section */

/* Begin XCConfigurationList section */
		0A3593FB1B7136B80072CC18 /* Build configuration list for PBXProject "KerbalHUD" */ = {
			isa = XCConfigurationList;
			buildConfigurations = (
				0A35941F1B7136B90072CC18 /* Debug */,
				0A3594201B7136B90072CC18 /* Release */,
			);
			defaultConfigurationIsVisible = 0;
			defaultConfigurationName = Release;
		};
		0A3594211B7136B90072CC18 /* Build configuration list for PBXNativeTarget "KerbalHUD" */ = {
			isa = XCConfigurationList;
			buildConfigurations = (
				0A3594221B7136B90072CC18 /* Debug */,
				0A3594231B7136B90072CC18 /* Release */,
			);
			defaultConfigurationIsVisible = 0;
			defaultConfigurationName = Release;
		};
/* End XCConfigurationList section */
	};
	rootObject = 0A3593F81B7136B80072CC18 /* Project object */;
}
